
Microsoft Visual Studio Solution File, Format Version 12.00
# Visual Studio Version 16
VisualStudioVersion = 16.0.30621.155
MinimumVisualStudioVersion = 10.0.40219.1
Project("{9A19103F-16F7-4668-BE54-9A1E7A4F7556}") = "Tzedakah", "Decor\Tzedakah.csproj", "{9725BA70-83EA-4547-9FC9-868C89BDD861}"
EndProject
Project("{9A19103F-16F7-4668-BE54-9A1E7A4F7556}") = "Tzedakah_Utility", "Decor_Utility\Tzedakah_Utility.csproj", "{0C5DDEB8-94D0-489F-A17C-3E7CDF914C23}"
EndProject
Project("{9A19103F-16F7-4668-BE54-9A1E7A4F7556}") = "Tzedakah_Models", "Decor_Models\Tzedakah_Models.csproj", "{89E38F3A-B66A-47F7-8739-3806E49A10D9}"
EndProject
Project("{9A19103F-16F7-4668-BE54-9A1E7A4F7556}") = "Tzedakah_DataAccess", "Decor_DataAccess\Tzedakah_DataAccess.csproj", "{95C44A96-3523-4779-8B73-D60BF6215AD5}"
EndProject
Global
	GlobalSection(SolutionConfigurationPlatforms) = preSolution
		Debug|Any CPU = Debug|Any CPU
		Release|Any CPU = Release|Any CPU
	EndGlobalSection
	GlobalSection(ProjectConfigurationPlatforms) = postSolution
		{9725BA70-83EA-4547-9FC9-868C89BDD861}.Debug|Any CPU.ActiveCfg = Debug|Any CPU
		{9725BA70-83EA-4547-9FC9-868C89BDD861}.Debug|Any CPU.Build.0 = Debug|Any CPU
		{9725BA70-83EA-4547-9FC9-868C89BDD861}.Release|Any CPU.ActiveCfg = Release|Any CPU
		{9725BA70-83EA-4547-9FC9-868C89BDD861}.Release|Any CPU.Build.0 = Release|Any CPU
		{0C5DDEB8-94D0-489F-A17C-3E7CDF914C23}.Debug|Any CPU.ActiveCfg = Debug|Any CPU
		{0C5DDEB8-94D0-489F-A17C-3E7CDF914C23}.Debug|Any CPU.Build.0 = Debug|Any CPU
		{0C5DDEB8-94D0-489F-A17C-3E7CDF914C23}.Release|Any CPU.ActiveCfg = Release|Any CPU
		{0C5DDEB8-94D0-489F-A17C-3E7CDF914C23}.Release|Any CPU.Build.0 = Release|Any CPU
		{89E38F3A-B66A-47F7-8739-3806E49A10D9}.Debug|Any CPU.ActiveCfg = Debug|Any CPU
		{89E38F3A-B66A-47F7-8739-3806E49A10D9}.Debug|Any CPU.Build.0 = Debug|Any CPU
		{89E38F3A-B66A-47F7-8739-3806E49A10D9}.Release|Any CPU.ActiveCfg = Release|Any CPU
		{89E38F3A-B66A-47F7-8739-3806E49A10D9}.Release|Any CPU.Build.0 = Release|Any CPU
		{95C44A96-3523-4779-8B73-D60BF6215AD5}.Debug|Any CPU.ActiveCfg = Debug|Any CPU
		{95C44A96-3523-4779-8B73-D60BF6215AD5}.Debug|Any CPU.Build.0 = Debug|Any CPU
		{95C44A96-3523-4779-8B73-D60BF6215AD5}.Release|Any CPU.ActiveCfg = Release|Any CPU
		{95C44A96-3523-4779-8B73-D60BF6215AD5}.Release|Any CPU.Build.0 = Release|Any CPU
	EndGlobalSection
	GlobalSection(SolutionProperties) = preSolution
		HideSolutionNode = FALSE
	EndGlobalSection
	GlobalSection(ExtensibilityGlobals) = postSolution
		SolutionGuid = {7EB20084-1C62-4331-A6CA-37236F33AF6C}
	EndGlobalSection
EndGlobal
